
Microsoft Visual Studio Solution File, Format Version 12.00
# Visual Studio 15
VisualStudioVersion = 15.0.28307.852
MinimumVisualStudioVersion = 10.0.40219.1
Project("{FAE04EC0-301F-11D3-BF4B-00C04F79EFBC}") = "AngularTest1", "AngularTest1\AngularTest1.csproj", "{DC356DB9-E3C5-4416-AE1F-E649DE5F48DE}"
EndProject
Global
	GlobalSection(SolutionConfigurationPlatforms) = preSolution
		Debug|Any CPU = Debug|Any CPU
		Release|Any CPU = Release|Any CPU
	EndGlobalSection
	GlobalSection(ProjectConfigurationPlatforms) = postSolution
		{DC356DB9-E3C5-4416-AE1F-E649DE5F48DE}.Debug|Any CPU.ActiveCfg = Debug|Any CPU
		{DC356DB9-E3C5-4416-AE1F-E649DE5F48DE}.Debug|Any CPU.Build.0 = Debug|Any CPU
		{DC356DB9-E3C5-4416-AE1F-E649DE5F48DE}.Release|Any CPU.ActiveCfg = Release|Any CPU
		{DC356DB9-E3C5-4416-AE1F-E649DE5F48DE}.Release|Any CPU.Build.0 = Release|Any CPU
	EndGlobalSection
	GlobalSection(SolutionProperties) = preSolution
		HideSolutionNode = FALSE
	EndGlobalSection
	GlobalSection(ExtensibilityGlobals) = postSolution
		SolutionGuid = {1E01E943-6272-4523-85F5-1ACF580CA939}
	EndGlobalSection
EndGlobal
